// !$*UTF8*$!
{
	archiveVersion = 1;
	classes = {
	};
	objectVersion = 55;
	objects = {

/* Begin PBXBuildFile section */
		F4ADB36E28019756002E9C18 /* HappyBirthdayApp.swift in Sources */ = {isa = PBXBuildFile; fileRef = F4ADB36D28019756002E9C18 /* HappyBirthdayApp.swift */; };
		F4ADB37028019756002E9C18 /* ContentView.swift in Sources */ = {isa = PBXBuildFile; fileRef = F4ADB36F28019756002E9C18 /* ContentView.swift */; };
		F4ADB37228019758002E9C18 /* Assets.xcassets in Resources */ = {isa = PBXBuildFile; fileRef = F4ADB37128019758002E9C18 /* Assets.xcassets */; };
		F4ADB37528019758002E9C18 /* Preview Assets.xcassets in Resources */ = {isa = PBXBuildFile; fileRef = F4ADB37428019758002E9C18 /* Preview Assets.xcassets */; };
		F4ADB37F28019758002E9C18 /* HappyBirthdayTests.swift in Sources */ = {isa = PBXBuildFile; fileRef = F4ADB37E28019758002E9C18 /* HappyBirthdayTests.swift */; };
		F4ADB38928019758002E9C18 /* HappyBirthdayUITests.swift in Sources */ = {isa = PBXBuildFile; fileRef = F4ADB38828019758002E9C18 /* HappyBirthdayUITests.swift */; };
		F4ADB38B28019758002E9C18 /* HappyBirthdayUITestsLaunchTests.swift in Sources */ = {isa = PBXBuildFile; fileRef = F4ADB38A28019758002E9C18 /* HappyBirthdayUITestsLaunchTests.swift */; };
/* End PBXBuildFile section */

/* Begin PBXContainerItemProxy section */
		F4ADB37B28019758002E9C18 /* PBXContainerItemProxy */ = {
			isa = PBXContainerItemProxy;
			containerPortal = F4ADB36228019756002E9C18 /* Project object */;
			proxyType = 1;
			remoteGlobalIDString = F4ADB36928019756002E9C18;
			remoteInfo = HappyBirthday;
		};
		F4ADB38528019758002E9C18 /* PBXContainerItemProxy */ = {
			isa = PBXContainerItemProxy;
			containerPortal = F4ADB36228019756002E9C18 /* Project object */;
			proxyType = 1;
			remoteGlobalIDString = F4ADB36928019756002E9C18;
			remoteInfo = HappyBirthday;
		};
/* End PBXContainerItemProxy section */

/* Begin PBXFileReference section */
		F4ADB36A28019756002E9C18 /* HappyBirthday.app */ = {isa = PBXFileReference; explicitFileType = wrapper.application; includeInIndex = 0; path = HappyBirthday.app; sourceTree = BUILT_PRODUCTS_DIR; };
		F4ADB36D28019756002E9C18 /* HappyBirthdayApp.swift */ = {isa = PBXFileReference; lastKnownFileType = sourcecode.swift; path = HappyBirthdayApp.swift; sourceTree = "<group>"; };
		F4ADB36F28019756002E9C18 /* ContentView.swift */ = {isa = PBXFileReference; lastKnownFileType = sourcecode.swift; path = ContentView.swift; sourceTree = "<group>"; };
		F4ADB37128019758002E9C18 /* Assets.xcassets */ = {isa = PBXFileReference; lastKnownFileType = folder.assetcatalog; path = Assets.xcassets; sourceTree = "<group>"; };
		F4ADB37428019758002E9C18 /* Preview Assets.xcassets */ = {isa = PBXFileReference; lastKnownFileType = folder.assetcatalog; path = "Preview Assets.xcassets"; sourceTree = "<group>"; };
		F4ADB37A28019758002E9C18 /* HappyBirthdayTests.xctest */ = {isa = PBXFileReference; explicitFileType = wrapper.cfbundle; includeInIndex = 0; path = HappyBirthdayTests.xctest; sourceTree = BUILT_PRODUCTS_DIR; };
		F4ADB37E28019758002E9C18 /* HappyBirthdayTests.swift */ = {isa = PBXFileReference; lastKnownFileType = sourcecode.swift; path = HappyBirthdayTests.swift; sourceTree = "<group>"; };
		F4ADB38428019758002E9C18 /* HappyBirthdayUITests.xctest */ = {isa = PBXFileReference; explicitFileType = wrapper.cfbundle; includeInIndex = 0; path = HappyBirthdayUITests.xctest; sourceTree = BUILT_PRODUCTS_DIR; };
		F4ADB38828019758002E9C18 /* HappyBirthdayUITests.swift */ = {isa = PBXFileReference; lastKnownFileType = sourcecode.swift; path = HappyBirthdayUITests.swift; sourceTree = "<group>"; };
		F4ADB38A28019758002E9C18 /* HappyBirthdayUITestsLaunchTests.swift */ = {isa = PBXFileReference; lastKnownFileType = sourcecode.swift; path = HappyBirthdayUITestsLaunchTests.swift; sourceTree = "<group>"; };
/* End PBXFileReference section */

/* Begin PBXFrameworksBuildPhase section */
		F4ADB36728019756002E9C18 /* Frameworks */ = {
			isa = PBXFrameworksBuildPhase;
			buildActionMask = 2147483647;
			files = (
			);
			runOnlyForDeploymentPostprocessing = 0;
		};
		F4ADB37728019758002E9C18 /* Frameworks */ = {
			isa = PBXFrameworksBuildPhase;
			buildActionMask = 2147483647;
			files = (
			);
			runOnlyForDeploymentPostprocessing = 0;
		};
		F4ADB38128019758002E9C18 /* Frameworks */ = {
			isa = PBXFrameworksBuildPhase;
			buildActionMask = 2147483647;
			files = (
			);
			runOnlyForDeploymentPostprocessing = 0;
		};
/* End PBXFrameworksBuildPhase section */

/* Begin PBXGroup section */
		F4ADB36128019756002E9C18 = {
			isa = PBXGroup;
			children = (
				F4ADB36C28019756002E9C18 /* HappyBirthday */,
				F4ADB37D28019758002E9C18 /* HappyBirthdayTests */,
				F4ADB38728019758002E9C18 /* HappyBirthdayUITests */,
				F4ADB36B28019756002E9C18 /* Products */,
			);
			sourceTree = "<group>";
		};
		F4ADB36B28019756002E9C18 /* Products */ = {
			isa = PBXGroup;
			children = (
				F4ADB36A28019756002E9C18 /* HappyBirthday.app */,
				F4ADB37A28019758002E9C18 /* HappyBirthdayTests.xctest */,
				F4ADB38428019758002E9C18 /* HappyBirthdayUITests.xctest */,
			);
			name = Products;
			sourceTree = "<group>";
		};
		F4ADB36C28019756002E9C18 /* HappyBirthday */ = {
			isa = PBXGroup;
			children = (
				F4ADB36D28019756002E9C18 /* HappyBirthdayApp.swift */,
				F4ADB36F28019756002E9C18 /* ContentView.swift */,
				F4ADB37128019758002E9C18 /* Assets.xcassets */,
				F4ADB37328019758002E9C18 /* Preview Content */,
			);
			path = HappyBirthday;
			sourceTree = "<group>";
		};
		F4ADB37328019758002E9C18 /* Preview Content */ = {
			isa = PBXGroup;
			children = (
				F4ADB37428019758002E9C18 /* Preview Assets.xcassets */,
			);
			path = "Preview Content";
			sourceTree = "<group>";
		};
		F4ADB37D28019758002E9C18 /* HappyBirthdayTests */ = {
			isa = PBXGroup;
			children = (
				F4ADB37E28019758002E9C18 /* HappyBirthdayTests.swift */,
			);
			path = HappyBirthdayTests;
			sourceTree = "<group>";
		};
		F4ADB38728019758002E9C18 /* HappyBirthdayUITests */ = {
			isa = PBXGroup;
			children = (
				F4ADB38828019758002E9C18 /* HappyBirthdayUITests.swift */,
				F4ADB38A28019758002E9C18 /* HappyBirthdayUITestsLaunchTests.swift */,
			);
			path = HappyBirthdayUITests;
			sourceTree = "<group>";
		};
/* End PBXGroup section */

/* Begin PBXNativeTarget section */
		F4ADB36928019756002E9C18 /* HappyBirthday */ = {
			isa = PBXNativeTarget;
			buildConfigurationList = F4ADB38E28019758002E9C18 /* Build configuration list for PBXNativeTarget "HappyBirthday" */;
			buildPhases = (
				F4ADB36628019756002E9C18 /* Sources */,
				F4ADB36728019756002E9C18 /* Frameworks */,
				F4ADB36828019756002E9C18 /* Resources */,
			);
			buildRules = (
			);
			dependencies = (
			);
			name = HappyBirthday;
			productName = HappyBirthday;
			productReference = F4ADB36A28019756002E9C18 /* HappyBirthday.app */;
			productType = "com.apple.product-type.application";
		};
		F4ADB37928019758002E9C18 /* HappyBirthdayTests */ = {
			isa = PBXNativeTarget;
			buildConfigurationList = F4ADB39128019758002E9C18 /* Build configuration list for PBXNativeTarget "HappyBirthdayTests" */;
			buildPhases = (
				F4ADB37628019758002E9C18 /* Sources */,
				F4ADB37728019758002E9C18 /* Frameworks */,
				F4ADB37828019758002E9C18 /* Resources */,
			);
			buildRules = (
			);
			dependencies = (
				F4ADB37C28019758002E9C18 /* PBXTargetDependency */,
			);
			name = HappyBirthdayTests;
			productName = HappyBirthdayTests;
			productReference = F4ADB37A28019758002E9C18 /* HappyBirthdayTests.xctest */;
			productType = "com.apple.product-type.bundle.unit-test";
		};
		F4ADB38328019758002E9C18 /* HappyBirthdayUITests */ = {
			isa = PBXNativeTarget;
			buildConfigurationList = F4ADB39428019758002E9C18 /* Build configuration list for PBXNativeTarget "HappyBirthdayUITests" */;
			buildPhases = (
				F4ADB38028019758002E9C18 /* Sources */,
				F4ADB38128019758002E9C18 /* Frameworks */,
				F4ADB38228019758002E9C18 /* Resources */,
			);
			buildRules = (
			);
			dependencies = (
				F4ADB38628019758002E9C18 /* PBXTargetDependency */,
			);
			name = HappyBirthdayUITests;
			productName = HappyBirthdayUITests;
			productReference = F4ADB38428019758002E9C18 /* HappyBirthdayUITests.xctest */;
			productType = "com.apple.product-type.bundle.ui-testing";
		};
/* End PBXNativeTarget section */

/* Begin PBXProject section */
		F4ADB36228019756002E9C18 /* Project object */ = {
			isa = PBXProject;
			attributes = {
				BuildIndependentTargetsInParallel = 1;
				LastSwiftUpdateCheck = 1330;
				LastUpgradeCheck = 1330;
				TargetAttributes = {
					F4ADB36928019756002E9C18 = {
						CreatedOnToolsVersion = 13.3;
					};
					F4ADB37928019758002E9C18 = {
						CreatedOnToolsVersion = 13.3;
						TestTargetID = F4ADB36928019756002E9C18;
					};
					F4ADB38328019758002E9C18 = {
						CreatedOnToolsVersion = 13.3;
						TestTargetID = F4ADB36928019756002E9C18;
					};
				};
			};
			buildConfigurationList = F4ADB36528019756002E9C18 /* Build configuration list for PBXProject "HappyBirthday" */;
			compatibilityVersion = "Xcode 13.0";
			developmentRegion = en;
			hasScannedForEncodings = 0;
			knownRegions = (
				en,
				Base,
			);
			mainGroup = F4ADB36128019756002E9C18;
			productRefGroup = F4ADB36B28019756002E9C18 /* Products */;
			projectDirPath = "";
			projectRoot = "";
			targets = (
				F4ADB36928019756002E9C18 /* HappyBirthday */,
				F4ADB37928019758002E9C18 /* HappyBirthdayTests */,
				F4ADB38328019758002E9C18 /* HappyBirthdayUITests */,
			);
		};
/* End PBXProject section */

/* Begin PBXResourcesBuildPhase section */
		F4ADB36828019756002E9C18 /* Resources */ = {
			isa = PBXResourcesBuildPhase;
			buildActionMask = 2147483647;
			files = (
				F4ADB37528019758002E9C18 /* Preview Assets.xcassets in Resources */,
				F4ADB37228019758002E9C18 /* Assets.xcassets in Resources */,
			);
			runOnlyForDeploymentPostprocessing = 0;
		};
		F4ADB37828019758002E9C18 /* Resources */ = {
			isa = PBXResourcesBuildPhase;
			buildActionMask = 2147483647;
			files = (
			);
			runOnlyForDeploymentPostprocessing = 0;
		};
		F4ADB38228019758002E9C18 /* Resources */ = {
			isa = PBXResourcesBuildPhase;
			buildActionMask = 2147483647;
			files = (
			);
			runOnlyForDeploymentPostprocessing = 0;
		};
/* End PBXResourcesBuildPhase section */

/* Begin PBXSourcesBuildPhase section */
		F4ADB36628019756002E9C18 /* Sources */ = {
			isa = PBXSourcesBuildPhase;
			buildActionMask = 2147483647;
			files = (
				F4ADB37028019756002E9C18 /* ContentView.swift in Sources */,
				F4ADB36E28019756002E9C18 /* HappyBirthdayApp.swift in Sources */,
			);
			runOnlyForDeploymentPostprocessing = 0;
		};
		F4ADB37628019758002E9C18 /* Sources */ = {
			isa = PBXSourcesBuildPhase;
			buildActionMask = 2147483647;
			files = (
				F4ADB37F28019758002E9C18 /* HappyBirthdayTests.swift in Sources */,
			);
			runOnlyForDeploymentPostprocessing = 0;
		};
		F4ADB38028019758002E9C18 /* Sources */ = {
			isa = PBXSourcesBuildPhase;
			buildActionMask = 2147483647;
			files = (
				F4ADB38B28019758002E9C18 /* HappyBirthdayUITestsLaunchTests.swift in Sources */,
				F4ADB38928019758002E9C18 /* HappyBirthdayUITests.swift in Sources */,
			);
			runOnlyForDeploymentPostprocessing = 0;
		};
/* End PBXSourcesBuildPhase section */

/* Begin PBXTargetDependency section */
		F4ADB37C28019758002E9C18 /* PBXTargetDependency */ = {
			isa = PBXTargetDependency;
			target = F4ADB36928019756002E9C18 /* HappyBirthday */;
			targetProxy = F4ADB37B28019758002E9C18 /* PBXContainerItemProxy */;
		};
		F4ADB38628019758002E9C18 /* PBXTargetDependency */ = {
			isa = PBXTargetDependency;
			target = F4ADB36928019756002E9C18 /* HappyBirthday */;
			targetProxy = F4ADB38528019758002E9C18 /* PBXContainerItemProxy */;
		};
/* End PBXTargetDependency section */

/* Begin XCBuildConfiguration section */
		F4ADB38C28019758002E9C18 /* Debug */ = {
			isa = XCBuildConfiguration;
			buildSettings = {
				ALWAYS_SEARCH_USER_PATHS = NO;
				CLANG_ANALYZER_NONNULL = YES;
				CLANG_ANALYZER_NUMBER_OBJECT_CONVERSION = YES_AGGRESSIVE;
				CLANG_CXX_LANGUAGE_STANDARD = "gnu++17";
				CLANG_ENABLE_MODULES = YES;
				CLANG_ENABLE_OBJC_ARC = YES;
				CLANG_ENABLE_OBJC_WEAK = YES;
				CLANG_WARN_BLOCK_CAPTURE_AUTORELEASING = YES;
				CLANG_WARN_BOOL_CONVERSION = YES;
				CLANG_WARN_COMMA = YES;
				CLANG_WARN_CONSTANT_CONVERSION = YES;
				CLANG_WARN_DEPRECATED_OBJC_IMPLEMENTATIONS = YES;
				CLANG_WARN_DIRECT_OBJC_ISA_USAGE = YES_ERROR;
				CLANG_WARN_DOCUMENTATION_COMMENTS = YES;
				CLANG_WARN_EMPTY_BODY = YES;
				CLANG_WARN_ENUM_CONVERSION = YES;
				CLANG_WARN_INFINITE_RECURSION = YES;
				CLANG_WARN_INT_CONVERSION = YES;
				CLANG_WARN_NON_LITERAL_NULL_CONVERSION = YES;
				CLANG_WARN_OBJC_IMPLICIT_RETAIN_SELF = YES;
				CLANG_WARN_OBJC_LITERAL_CONVERSION = YES;
				CLANG_WARN_OBJC_ROOT_CLASS = YES_ERROR;
				CLANG_WARN_QUOTED_INCLUDE_IN_FRAMEWORK_HEADER = YES;
				CLANG_WARN_RANGE_LOOP_ANALYSIS = YES;
				CLANG_WARN_STRICT_PROTOTYPES = YES;
				CLANG_WARN_SUSPICIOUS_MOVE = YES;
				CLANG_WARN_UNGUARDED_AVAILABILITY = YES_AGGRESSIVE;
				CLANG_WARN_UNREACHABLE_CODE = YES;
				CLANG_WARN__DUPLICATE_METHOD_MATCH = YES;
				COPY_PHASE_STRIP = NO;
				DEBUG_INFORMATION_FORMAT = dwarf;
				ENABLE_STRICT_OBJC_MSGSEND = YES;
				ENABLE_TESTABILITY = YES;
				GCC_C_LANGUAGE_STANDARD = gnu11;
				GCC_DYNAMIC_NO_PIC = NO;
				GCC_NO_COMMON_BLOCKS = YES;
				GCC_OPTIMIZATION_LEVEL = 0;
				GCC_PREPROCESSOR_DEFINITIONS = (
					"DEBUG=1",
					"$(inherited)",
				);
				GCC_WARN_64_TO_32_BIT_CONVERSION = YES;
				GCC_WARN_ABOUT_RETURN_TYPE = YES_ERROR;
				GCC_WARN_UNDECLARED_SELECTOR = YES;
				GCC_WARN_UNINITIALIZED_AUTOS = YES_AGGRESSIVE;
				GCC_WARN_UNUSED_FUNCTION = YES;
				GCC_WARN_UNUSED_VARIABLE = YES;
				IPHONEOS_DEPLOYMENT_TARGET = 15.4;
				MTL_ENABLE_DEBUG_INFO = INCLUDE_SOURCE;
				MTL_FAST_MATH = YES;
				ONLY_ACTIVE_ARCH = YES;
				SDKROOT = iphoneos;
				SWIFT_ACTIVE_COMPILATION_CONDITIONS = DEBUG;
				SWIFT_OPTIMIZATION_LEVEL = "-Onone";
			};
			name = Debug;
		};
		F4ADB38D28019758002E9C18 /* Release */ = {
			isa = XCBuildConfiguration;
			buildSettings = {
				ALWAYS_SEARCH_USER_PATHS = NO;
				CLANG_ANALYZER_NONNULL = YES;
				CLANG_ANALYZER_NUMBER_OBJECT_CONVERSION = YES_AGGRESSIVE;
				CLANG_CXX_LANGUAGE_STANDARD = "gnu++17";
				CLANG_ENABLE_MODULES = YES;
				CLANG_ENABLE_OBJC_ARC = YES;
				CLANG_ENABLE_OBJC_WEAK = YES;
				CLANG_WARN_BLOCK_CAPTURE_AUTORELEASING = YES;
				CLANG_WARN_BOOL_CONVERSION = YES;
				CLANG_WARN_COMMA = YES;
				CLANG_WARN_CONSTANT_CONVERSION = YES;
				CLANG_WARN_DEPRECATED_OBJC_IMPLEMENTATIONS = YES;
				CLANG_WARN_DIRECT_OBJC_ISA_USAGE = YES_ERROR;
				CLANG_WARN_DOCUMENTATION_COMMENTS = YES;
				CLANG_WARN_EMPTY_BODY = YES;
				CLANG_WARN_ENUM_CONVERSION = YES;
				CLANG_WARN_INFINITE_RECURSION = YES;
				CLANG_WARN_INT_CONVERSION = YES;
				CLANG_WARN_NON_LITERAL_NULL_CONVERSION = YES;
				CLANG_WARN_OBJC_IMPLICIT_RETAIN_SELF = YES;
				CLANG_WARN_OBJC_LITERAL_CONVERSION = YES;
				CLANG_WARN_OBJC_ROOT_CLASS = YES_ERROR;
				CLANG_WARN_QUOTED_INCLUDE_IN_FRAMEWORK_HEADER = YES;
				CLANG_WARN_RANGE_LOOP_ANALYSIS = YES;
				CLANG_WARN_STRICT_PROTOTYPES = YES;
				CLANG_WARN_SUSPICIOUS_MOVE = YES;
				CLANG_WARN_UNGUARDED_AVAILABILITY = YES_AGGRESSIVE;
				CLANG_WARN_UNREACHABLE_CODE = YES;
				CLANG_WARN__DUPLICATE_METHOD_MATCH = YES;
				COPY_PHASE_STRIP = NO;
				DEBUG_INFORMATION_FORMAT = "dwarf-with-dsym";
				ENABLE_NS_ASSERTIONS = NO;
				ENABLE_STRICT_OBJC_MSGSEND = YES;
				GCC_C_LANGUAGE_STANDARD = gnu11;
				GCC_NO_COMMON_BLOCKS = YES;
				GCC_WARN_64_TO_32_BIT_CONVERSION = YES;
				GCC_WARN_ABOUT_RETURN_TYPE = YES_ERROR;
				GCC_WARN_UNDECLARED_SELECTOR = YES;
				GCC_WARN_UNINITIALIZED_AUTOS = YES_AGGRESSIVE;
				GCC_WARN_UNUSED_FUNCTION = YES;
				GCC_WARN_UNUSED_VARIABLE = YES;
				IPHONEOS_DEPLOYMENT_TARGET = 15.4;
				MTL_ENABLE_DEBUG_INFO = NO;
				MTL_FAST_MATH = YES;
				SDKROOT = iphoneos;
				SWIFT_COMPILATION_MODE = wholemodule;
				SWIFT_OPTIMIZATION_LEVEL = "-O";
				VALIDATE_PRODUCT = YES;
			};
			name = Release;
		};
		F4ADB38F28019758002E9C18 /* Debug */ = {
			isa = XCBuildConfiguration;
			buildSettings = {
				ASSETCATALOG_COMPILER_APPICON_NAME = AppIcon;
				ASSETCATALOG_COMPILER_GLOBAL_ACCENT_COLOR_NAME = AccentColor;
				CODE_SIGN_STYLE = Automatic;
				CURRENT_PROJECT_VERSION = 1;
				DEVELOPMENT_ASSET_PATHS = "\"HappyBirthday/Preview Content\"";
				DEVELOPMENT_TEAM = K94TQ5Q9AL;
				ENABLE_PREVIEWS = YES;
				GENERATE_INFOPLIST_FILE = YES;
				INFOPLIST_KEY_UIApplicationSceneManifest_Generation = YES;
				INFOPLIST_KEY_UIApplicationSupportsIndirectInputEvents = YES;
				INFOPLIST_KEY_UILaunchScreen_Generation = YES;
				INFOPLIST_KEY_UISupportedInterfaceOrientations_iPad = "UIInterfaceOrientationPortrait UIInterfaceOrientationPortraitUpsideDown UIInterfaceOrientationLandscapeLeft UIInterfaceOrientationLandscapeRight";
				INFOPLIST_KEY_UISupportedInterfaceOrientations_iPhone = "UIInterfaceOrientationPortrait UIInterfaceOrientationLandscapeLeft UIInterfaceOrientationLandscapeRight";
				LD_RUNPATH_SEARCH_PATHS = (
					"$(inherited)",
					"@executable_path/Frameworks",
				);
				MARKETING_VERSION = 1.0;
				PRODUCT_BUNDLE_IDENTIFIER = wx.HappyBirthday;
				PRODUCT_NAME = "$(TARGET_NAME)";
				SWIFT_EMIT_LOC_STRINGS = YES;
				SWIFT_VERSION = 5.0;
				TARGETED_DEVICE_FAMILY = "1,2";
			};
			name = Debug;
		};
		F4ADB39028019758002E9C18 /* Release */ = {
			isa = XCBuildConfiguration;
			buildSettings = {
				ASSETCATALOG_COMPILER_APPICON_NAME = AppIcon;
				ASSETCATALOG_COMPILER_GLOBAL_ACCENT_COLOR_NAME = AccentColor;
				CODE_SIGN_STYLE = Automatic;
				CURRENT_PROJECT_VERSION = 1;
				DEVELOPMENT_ASSET_PATHS = "\"HappyBirthday/Preview Content\"";
				DEVELOPMENT_TEAM = K94TQ5Q9AL;
				ENABLE_PREVIEWS = YES;
				GENERATE_INFOPLIST_FILE = YES;
				INFOPLIST_KEY_UIApplicationSceneManifest_Generation = YES;
				INFOPLIST_KEY_UIApplicationSupportsIndirectInputEvents = YES;
				INFOPLIST_KEY_UILaunchScreen_Generation = YES;
				INFOPLIST_KEY_UISupportedInterfaceOrientations_iPad = "UIInterfaceOrientationPortrait UIInterfaceOrientationPortraitUpsideDown UIInterfaceOrientationLandscapeLeft UIInterfaceOrientationLandscapeRight";
				INFOPLIST_KEY_UISupportedInterfaceOrientations_iPhone = "UIInterfaceOrientationPortrait UIInterfaceOrientationLandscapeLeft UIInterfaceOrientationLandscapeRight";
				LD_RUNPATH_SEARCH_PATHS = (
					"$(inherited)",
					"@executable_path/Frameworks",
				);
				MARKETING_VERSION = 1.0;
				PRODUCT_BUNDLE_IDENTIFIER = wx.HappyBirthday;
				PRODUCT_NAME = "$(TARGET_NAME)";
				SWIFT_EMIT_LOC_STRINGS = YES;
				SWIFT_VERSION = 5.0;
				TARGETED_DEVICE_FAMILY = "1,2";
			};
			name = Release;
		};
		F4ADB39228019758002E9C18 /* Debug */ = {
			isa = XCBuildConfiguration;
			buildSettings = {
				ALWAYS_EMBED_SWIFT_STANDARD_LIBRARIES = YES;
				BUNDLE_LOADER = "$(TEST_HOST)";
				CODE_SIGN_STYLE = Automatic;
				CURRENT_PROJECT_VERSION = 1;
				DEVELOPMENT_TEAM = K94TQ5Q9AL;
				GENERATE_INFOPLIST_FILE = YES;
				IPHONEOS_DEPLOYMENT_TARGET = 15.4;
				MARKETING_VERSION = 1.0;
				PRODUCT_BUNDLE_IDENTIFIER = wx.HappyBirthdayTests;
				PRODUCT_NAME = "$(TARGET_NAME)";
				SWIFT_EMIT_LOC_STRINGS = NO;
				SWIFT_VERSION = 5.0;
				TARGETED_DEVICE_FAMILY = "1,2";
				TEST_HOST = "$(BUILT_PRODUCTS_DIR)/HappyBirthday.app/HappyBirthday";
			};
			name = Debug;
		};
		F4ADB39328019758002E9C18 /* Release */ = {
			isa = XCBuildConfiguration;
			buildSettings = {
				ALWAYS_EMBED_SWIFT_STANDARD_LIBRARIES = YES;
				BUNDLE_LOADER = "$(TEST_HOST)";
				CODE_SIGN_STYLE = Automatic;
				CURRENT_PROJECT_VERSION = 1;
				DEVELOPMENT_TEAM = K94TQ5Q9AL;
				GENERATE_INFOPLIST_FILE = YES;
				IPHONEOS_DEPLOYMENT_TARGET = 15.4;
				MARKETING_VERSION = 1.0;
				PRODUCT_BUNDLE_IDENTIFIER = wx.HappyBirthdayTests;
				PRODUCT_NAME = "$(TARGET_NAME)";
				SWIFT_EMIT_LOC_STRINGS = NO;
				SWIFT_VERSION = 5.0;
				TARGETED_DEVICE_FAMILY = "1,2";
				TEST_HOST = "$(BUILT_PRODUCTS_DIR)/HappyBirthday.app/HappyBirthday";
			};
			name = Release;
		};
		F4ADB39528019758002E9C18 /* Debug */ = {
			isa = XCBuildConfiguration;
			buildSettings = {
				ALWAYS_EMBED_SWIFT_STANDARD_LIBRARIES = YES;
				CODE_SIGN_STYLE = Automatic;
				CURRENT_PROJECT_VERSION = 1;
				DEVELOPMENT_TEAM = K94TQ5Q9AL;
				GENERATE_INFOPLIST_FILE = YES;
				MARKETING_VERSION = 1.0;
				PRODUCT_BUNDLE_IDENTIFIER = wx.HappyBirthdayUITests;
				PRODUCT_NAME = "$(TARGET_NAME)";
				SWIFT_EMIT_LOC_STRINGS = NO;
				SWIFT_VERSION = 5.0;
				TARGETED_DEVICE_FAMILY = "1,2";
				TEST_TARGET_NAME = HappyBirthday;
			};
			name = Debug;
		};
		F4ADB39628019758002E9C18 /* Release */ = {
			isa = XCBuildConfiguration;
			buildSettings = {
				ALWAYS_EMBED_SWIFT_STANDARD_LIBRARIES = YES;
				CODE_SIGN_STYLE = Automatic;
				CURRENT_PROJECT_VERSION = 1;
				DEVELOPMENT_TEAM = K94TQ5Q9AL;
				GENERATE_INFOPLIST_FILE = YES;
				MARKETING_VERSION = 1.0;
				PRODUCT_BUNDLE_IDENTIFIER = wx.HappyBirthdayUITests;
				PRODUCT_NAME = "$(TARGET_NAME)";
				SWIFT_EMIT_LOC_STRINGS = NO;
				SWIFT_VERSION = 5.0;
				TARGETED_DEVICE_FAMILY = "1,2";
				TEST_TARGET_NAME = HappyBirthday;
			};
			name = Release;
		};
/* End XCBuildConfiguration section */

/* Begin XCConfigurationList section */
		F4ADB36528019756002E9C18 /* Build configuration list for PBXProject "HappyBirthday" */ = {
			isa = XCConfigurationList;
			buildConfigurations = (
				F4ADB38C28019758002E9C18 /* Debug */,
				F4ADB38D28019758002E9C18 /* Release */,
			);
			defaultConfigurationIsVisible = 0;
			defaultConfigurationName = Release;
		};
		F4ADB38E28019758002E9C18 /* Build configuration list for PBXNativeTarget "HappyBirthday" */ = {
			isa = XCConfigurationList;
			buildConfigurations = (
				F4ADB38F28019758002E9C18 /* Debug */,
				F4ADB39028019758002E9C18 /* Release */,
			);
			defaultConfigurationIsVisible = 0;
			defaultConfigurationName = Release;
		};
		F4ADB39128019758002E9C18 /* Build configuration list for PBXNativeTarget "HappyBirthdayTests" */ = {
			isa = XCConfigurationList;
			buildConfigurations = (
				F4ADB39228019758002E9C18 /* Debug */,
				F4ADB39328019758002E9C18 /* Release */,
			);
			defaultConfigurationIsVisible = 0;
			defaultConfigurationName = Release;
		};
		F4ADB39428019758002E9C18 /* Build configuration list for PBXNativeTarget "HappyBirthdayUITests" */ = {
			isa = XCConfigurationList;
			buildConfigurations = (
				F4ADB39528019758002E9C18 /* Debug */,
				F4ADB39628019758002E9C18 /* Release */,
			);
			defaultConfigurationIsVisible = 0;
			defaultConfigurationName = Release;
		};
/* End XCConfigurationList section */
	};
	rootObject = F4ADB36228019756002E9C18 /* Project object */;
}
